// !$*UTF8*$!
{
	archiveVersion = 1;
	classes = {
	};
	objectVersion = 56;
	objects = {

/* Begin PBXBuildFile section */
		9D3994D92BA0752F009F894A /* AuthenticationCoordinator.swift in Sources */ = {isa = PBXBuildFile; fileRef = 9D3994D82BA0752F009F894A /* AuthenticationCoordinator.swift */; };
		9D3994DB2BA097CF009F894A /* Coordinator.swift in Sources */ = {isa = PBXBuildFile; fileRef = 9D3994DA2BA097CF009F894A /* Coordinator.swift */; };
		9D3994DD2BA09A52009F894A /* Coordinatable.swift in Sources */ = {isa = PBXBuildFile; fileRef = 9D3994DC2BA09A52009F894A /* Coordinatable.swift */; };
		9D3994DF2BA0AB97009F894A /* AppFactory.swift in Sources */ = {isa = PBXBuildFile; fileRef = 9D3994DE2BA0AB97009F894A /* AppFactory.swift */; };
		9D3994E32BA0ACB6009F894A /* NavigationFlowType.swift in Sources */ = {isa = PBXBuildFile; fileRef = 9D3994E22BA0ACB6009F894A /* NavigationFlowType.swift */; };
		9D3994E52BA0B53D009F894A /* AuthenticationFactory.swift in Sources */ = {isa = PBXBuildFile; fileRef = 9D3994E42BA0B53D009F894A /* AuthenticationFactory.swift */; };
		9D609D552BA1CFAA001765C0 /* UserCoordinator.swift in Sources */ = {isa = PBXBuildFile; fileRef = 9D609D542BA1CFAA001765C0 /* UserCoordinator.swift */; };
		9D609D572BA1CFC3001765C0 /* UserFactory.swift in Sources */ = {isa = PBXBuildFile; fileRef = 9D609D562BA1CFC3001765C0 /* UserFactory.swift */; };
		9D609D5F2BA336BD001765C0 /* MainViewController.swift in Sources */ = {isa = PBXBuildFile; fileRef = 9D609D5E2BA336BD001765C0 /* MainViewController.swift */; };
		9D609D612BA336F1001765C0 /* MainViewModel.swift in Sources */ = {isa = PBXBuildFile; fileRef = 9D609D602BA336F1001765C0 /* MainViewModel.swift */; };
		9D609D632BA33700001765C0 /* MainCoordinator.swift in Sources */ = {isa = PBXBuildFile; fileRef = 9D609D622BA33700001765C0 /* MainCoordinator.swift */; };
		9D646A932B483E3D00C0B2D3 /* IQKeyboardManagerSwift in Frameworks */ = {isa = PBXBuildFile; productRef = 9D646A922B483E3D00C0B2D3 /* IQKeyboardManagerSwift */; };
		9D646A962B483E8800C0B2D3 /* RxBlocking in Frameworks */ = {isa = PBXBuildFile; productRef = 9D646A952B483E8800C0B2D3 /* RxBlocking */; };
		9D646A982B483E8800C0B2D3 /* RxCocoa in Frameworks */ = {isa = PBXBuildFile; productRef = 9D646A972B483E8800C0B2D3 /* RxCocoa */; };
		9D646A9A2B483E8800C0B2D3 /* RxSwift in Frameworks */ = {isa = PBXBuildFile; productRef = 9D646A992B483E8800C0B2D3 /* RxSwift */; };
		9D646AA02B48582100C0B2D3 /* UIColor.swift in Sources */ = {isa = PBXBuildFile; fileRef = 9D646A9F2B48582100C0B2D3 /* UIColor.swift */; };
		9D646AA42B48594B00C0B2D3 /* UIImage.swift in Sources */ = {isa = PBXBuildFile; fileRef = 9D646AA32B48594B00C0B2D3 /* UIImage.swift */; };
		9D646AA62B48596E00C0B2D3 /* UIFont.swift in Sources */ = {isa = PBXBuildFile; fileRef = 9D646AA52B48596E00C0B2D3 /* UIFont.swift */; };
		9D646AAE2B4861C700C0B2D3 /* Colors.xcassets in Resources */ = {isa = PBXBuildFile; fileRef = 9D646AAD2B4861C700C0B2D3 /* Colors.xcassets */; };
		9D646ABA2B493FD400C0B2D3 /* LogInViewController.swift in Sources */ = {isa = PBXBuildFile; fileRef = 9D646AB92B493FD400C0B2D3 /* LogInViewController.swift */; };
		9D646ABE2B493FF300C0B2D3 /* LogInViewModel.swift in Sources */ = {isa = PBXBuildFile; fileRef = 9D646ABD2B493FF300C0B2D3 /* LogInViewModel.swift */; };
		9D653A632B0F9D6E009B98A5 /* AppDelegate.swift in Sources */ = {isa = PBXBuildFile; fileRef = 9D653A622B0F9D6E009B98A5 /* AppDelegate.swift */; };
		9D653A652B0F9D6E009B98A5 /* SceneDelegate.swift in Sources */ = {isa = PBXBuildFile; fileRef = 9D653A642B0F9D6E009B98A5 /* SceneDelegate.swift */; };
		9D653A6F2B0F9D6F009B98A5 /* Assets.xcassets in Resources */ = {isa = PBXBuildFile; fileRef = 9D653A6E2B0F9D6F009B98A5 /* Assets.xcassets */; };
		9D653A722B0F9D6F009B98A5 /* LaunchScreen.storyboard in Resources */ = {isa = PBXBuildFile; fileRef = 9D653A702B0F9D6F009B98A5 /* LaunchScreen.storyboard */; };
		9D653A7D2B0F9D6F009B98A5 /* SocialNetworkTests.swift in Sources */ = {isa = PBXBuildFile; fileRef = 9D653A7C2B0F9D6F009B98A5 /* SocialNetworkTests.swift */; };
		9D653A872B0F9D6F009B98A5 /* SocialNetworkUITests.swift in Sources */ = {isa = PBXBuildFile; fileRef = 9D653A862B0F9D6F009B98A5 /* SocialNetworkUITests.swift */; };
		9D653A892B0F9D6F009B98A5 /* SocialNetworkUITestsLaunchTests.swift in Sources */ = {isa = PBXBuildFile; fileRef = 9D653A882B0F9D6F009B98A5 /* SocialNetworkUITestsLaunchTests.swift */; };
		9D6BE4352BA6BF1F00462B12 /* UserTabBar.swift in Sources */ = {isa = PBXBuildFile; fileRef = 9D6BE4342BA6BF1F00462B12 /* UserTabBar.swift */; };
		9D6BE4372BA6C70500462B12 /* ProfileCoordinator.swift in Sources */ = {isa = PBXBuildFile; fileRef = 9D6BE4362BA6C70500462B12 /* ProfileCoordinator.swift */; };
		9D6BE4392BA6C77A00462B12 /* ProfileViewController.swift in Sources */ = {isa = PBXBuildFile; fileRef = 9D6BE4382BA6C77A00462B12 /* ProfileViewController.swift */; };
		9D6BE43B2BA6C78800462B12 /* ProfileViewModel.swift in Sources */ = {isa = PBXBuildFile; fileRef = 9D6BE43A2BA6C78800462B12 /* ProfileViewModel.swift */; };
		9D6BE43F2BA6C89300462B12 /* SavedCoordinator.swift in Sources */ = {isa = PBXBuildFile; fileRef = 9D6BE43E2BA6C89300462B12 /* SavedCoordinator.swift */; };
		9D6BE4412BA6C8A700462B12 /* SavedViewController.swift in Sources */ = {isa = PBXBuildFile; fileRef = 9D6BE4402BA6C8A700462B12 /* SavedViewController.swift */; };
		9D6BE4432BA6C8B700462B12 /* SavedViewModel.swift in Sources */ = {isa = PBXBuildFile; fileRef = 9D6BE4422BA6C8B700462B12 /* SavedViewModel.swift */; };
		9D7FCBD42BB5D985001546FC /* StoriesView.swift in Sources */ = {isa = PBXBuildFile; fileRef = 9D7FCBD32BB5D985001546FC /* StoriesView.swift */; };
		9D7FCBD62BB5DAF9001546FC /* StoriesViewModel.swift in Sources */ = {isa = PBXBuildFile; fileRef = 9D7FCBD52BB5DAF9001546FC /* StoriesViewModel.swift */; };
		9D7FCBD82BB5DC0F001546FC /* StoriesAssembly.swift in Sources */ = {isa = PBXBuildFile; fileRef = 9D7FCBD72BB5DC0F001546FC /* StoriesAssembly.swift */; };
		9D7FCBDA2BB5F146001546FC /* StorieCell.swift in Sources */ = {isa = PBXBuildFile; fileRef = 9D7FCBD92BB5F146001546FC /* StorieCell.swift */; };
		9D7FCBDF2BB601EF001546FC /* AvatarViewModel.swift in Sources */ = {isa = PBXBuildFile; fileRef = 9D7FCBDE2BB601EF001546FC /* AvatarViewModel.swift */; };
		9D7FCBE12BB60202001546FC /* AvatarView.swift in Sources */ = {isa = PBXBuildFile; fileRef = 9D7FCBE02BB60202001546FC /* AvatarView.swift */; };
		9D7FCBE32BB60229001546FC /* AvatarAssembly.swift in Sources */ = {isa = PBXBuildFile; fileRef = 9D7FCBE22BB60229001546FC /* AvatarAssembly.swift */; };
		9D7FCBE52BB60C4B001546FC /* UIActivityIndicatorViewExt.swift in Sources */ = {isa = PBXBuildFile; fileRef = 9D7FCBE42BB60C4B001546FC /* UIActivityIndicatorViewExt.swift */; };
		9D7FCBE72BB624AF001546FC /* DateHeader.swift in Sources */ = {isa = PBXBuildFile; fileRef = 9D7FCBE62BB624AF001546FC /* DateHeader.swift */; };
		9D7FCBEA2BB6CB55001546FC /* AppDIContainer.swift in Sources */ = {isa = PBXBuildFile; fileRef = 9D7FCBE92BB6CB55001546FC /* AppDIContainer.swift */; };
		9D7FCBEC2BB6CE96001546FC /* DependencyWrapper.swift in Sources */ = {isa = PBXBuildFile; fileRef = 9D7FCBEB2BB6CE96001546FC /* DependencyWrapper.swift */; };
		9D7FCBF62BB6F9AC001546FC /* SubscriberAssembly.swift in Sources */ = {isa = PBXBuildFile; fileRef = 9D7FCBF52BB6F9AC001546FC /* SubscriberAssembly.swift */; };
		9D7FCBF82BB6FA03001546FC /* SubscriberViewController.swift in Sources */ = {isa = PBXBuildFile; fileRef = 9D7FCBF72BB6FA03001546FC /* SubscriberViewController.swift */; };
		9D7FCBFA2BB6FA10001546FC /* SubscriberViewModel.swift in Sources */ = {isa = PBXBuildFile; fileRef = 9D7FCBF92BB6FA10001546FC /* SubscriberViewModel.swift */; };
		9D7FCBFC2BB70159001546FC /* PostCell.swift in Sources */ = {isa = PBXBuildFile; fileRef = 9D7FCBFB2BB70159001546FC /* PostCell.swift */; };
		9D7FCC062BB82420001546FC /* ProfileHeaderViewModel.swift in Sources */ = {isa = PBXBuildFile; fileRef = 9D7FCC052BB82420001546FC /* ProfileHeaderViewModel.swift */; };
		9D7FCC082BB82439001546FC /* ProfileHeaderAssembly.swift in Sources */ = {isa = PBXBuildFile; fileRef = 9D7FCC072BB82439001546FC /* ProfileHeaderAssembly.swift */; };
		9D7FCC0A2BB82448001546FC /* ProfileHeaderView.swift in Sources */ = {isa = PBXBuildFile; fileRef = 9D7FCC092BB82448001546FC /* ProfileHeaderView.swift */; };
		9D7FCC0C2BB887BE001546FC /* ProfileHeaderCollectionCell.swift in Sources */ = {isa = PBXBuildFile; fileRef = 9D7FCC0B2BB887BE001546FC /* ProfileHeaderCollectionCell.swift */; };
		9D7FCC0F2BB9B2DB001546FC /* PhotoAssembly.swift in Sources */ = {isa = PBXBuildFile; fileRef = 9D7FCC0E2BB9B2DB001546FC /* PhotoAssembly.swift */; };
		9D7FCC112BB9B2EF001546FC /* PhotoView.swift in Sources */ = {isa = PBXBuildFile; fileRef = 9D7FCC102BB9B2EF001546FC /* PhotoView.swift */; };
		9D7FCC132BB9B301001546FC /* PhotoViewModel.swift in Sources */ = {isa = PBXBuildFile; fileRef = 9D7FCC122BB9B301001546FC /* PhotoViewModel.swift */; };
		9D831D602BBDB52C00E4E8A9 /* WholePostAssembly.swift in Sources */ = {isa = PBXBuildFile; fileRef = 9D831D5F2BBDB52C00E4E8A9 /* WholePostAssembly.swift */; };
		9D831D622BBDB54000E4E8A9 /* WholePostViewController.swift in Sources */ = {isa = PBXBuildFile; fileRef = 9D831D612BBDB54000E4E8A9 /* WholePostViewController.swift */; };
		9D831D642BBDB55200E4E8A9 /* WholePostViewModel.swift in Sources */ = {isa = PBXBuildFile; fileRef = 9D831D632BBDB55200E4E8A9 /* WholePostViewModel.swift */; };
		9D831D662BBDF9E800E4E8A9 /* UIViewExt.swift in Sources */ = {isa = PBXBuildFile; fileRef = 9D831D652BBDF9E800E4E8A9 /* UIViewExt.swift */; };
		9D9E9CB02BBDFF7600593B73 /* LikeCommentBookmarkView.swift in Sources */ = {isa = PBXBuildFile; fileRef = 9D9E9CAF2BBDFF7600593B73 /* LikeCommentBookmarkView.swift */; };
		9D9E9CB22BBE940800593B73 /* CommentHeader.swift in Sources */ = {isa = PBXBuildFile; fileRef = 9D9E9CB12BBE940800593B73 /* CommentHeader.swift */; };
		9D9E9CB42BBF2BC600593B73 /* CommentCell.swift in Sources */ = {isa = PBXBuildFile; fileRef = 9D9E9CB32BBF2BC600593B73 /* CommentCell.swift */; };
		9D9E9CB72BC09A3700593B73 /* PhotoGalleryAssembly.swift in Sources */ = {isa = PBXBuildFile; fileRef = 9D9E9CB62BC09A3700593B73 /* PhotoGalleryAssembly.swift */; };
		9D9E9CB92BC09A5300593B73 /* PhotoGalleryViewController.swift in Sources */ = {isa = PBXBuildFile; fileRef = 9D9E9CB82BC09A5300593B73 /* PhotoGalleryViewController.swift */; };
		9D9E9CBB2BC09A6F00593B73 /* PhotoGalleryViewModel.swift in Sources */ = {isa = PBXBuildFile; fileRef = 9D9E9CBA2BC09A6F00593B73 /* PhotoGalleryViewModel.swift */; };
		9D9E9CBF2BC2B20D00593B73 /* GalleryHeaderView.swift in Sources */ = {isa = PBXBuildFile; fileRef = 9D9E9CBE2BC2B20D00593B73 /* GalleryHeaderView.swift */; };
		9D9E9CC22BC2B71800593B73 /* GalleryHeaderViewModel.swift in Sources */ = {isa = PBXBuildFile; fileRef = 9D9E9CC12BC2B71800593B73 /* GalleryHeaderViewModel.swift */; };
		9D9E9CC42BC2B72A00593B73 /* GalleryHeaderAssembly.swift in Sources */ = {isa = PBXBuildFile; fileRef = 9D9E9CC32BC2B72A00593B73 /* GalleryHeaderAssembly.swift */; };
		9D9E9CC82BC2BC0000593B73 /* PhotoCollectionViewCell.swift in Sources */ = {isa = PBXBuildFile; fileRef = 9D9E9CC72BC2BC0000593B73 /* PhotoCollectionViewCell.swift */; };
		9D9E9CCA2BC2C54600593B73 /* StringConverter.swift in Sources */ = {isa = PBXBuildFile; fileRef = 9D9E9CC92BC2C54600593B73 /* StringConverter.swift */; };
		9DC279B32B49CB4B00FD401F /* ViewModelProtocol.swift in Sources */ = {isa = PBXBuildFile; fileRef = 9DC279B22B49CB4B00FD401F /* ViewModelProtocol.swift */; };
		9DC279B62B49D04100FD401F /* CustomButton.swift in Sources */ = {isa = PBXBuildFile; fileRef = 9DC279B52B49D04100FD401F /* CustomButton.swift */; };
		9DC279BC2B4A935500FD401F /* RootCoordinator.swift in Sources */ = {isa = PBXBuildFile; fileRef = 9DC279BB2B4A935500FD401F /* RootCoordinator.swift */; };
		9DC279C32B4BE71E00FD401F /* RegistrationViewController.swift in Sources */ = {isa = PBXBuildFile; fileRef = 9DC279C22B4BE71E00FD401F /* RegistrationViewController.swift */; };
		9DC279C72B4BED7800FD401F /* CustomTextField.swift in Sources */ = {isa = PBXBuildFile; fileRef = 9DC279C62B4BED7800FD401F /* CustomTextField.swift */; };
		9DC279CD2B4C64BC00FD401F /* Inter-Bold.ttf in Resources */ = {isa = PBXBuildFile; fileRef = 9DC279C92B4C64BC00FD401F /* Inter-Bold.ttf */; };
		9DC279CE2B4C64BC00FD401F /* Inter-Medium.ttf in Resources */ = {isa = PBXBuildFile; fileRef = 9DC279CA2B4C64BC00FD401F /* Inter-Medium.ttf */; };
		9DC279CF2B4C64BC00FD401F /* Inter-Regular.ttf in Resources */ = {isa = PBXBuildFile; fileRef = 9DC279CB2B4C64BC00FD401F /* Inter-Regular.ttf */; };
		9DC279D02B4C64BC00FD401F /* Inter-SemiBold.ttf in Resources */ = {isa = PBXBuildFile; fileRef = 9DC279CC2B4C64BC00FD401F /* Inter-SemiBold.ttf */; };
		9DCAC4DE2B4D72BF0040C327 /* RegistrationViewModel.swift in Sources */ = {isa = PBXBuildFile; fileRef = 9DCAC4DD2B4D72BF0040C327 /* RegistrationViewModel.swift */; };
		9DCAC4E32B4D78FE0040C327 /* ConfirmationViewController.swift in Sources */ = {isa = PBXBuildFile; fileRef = 9DCAC4E22B4D78FE0040C327 /* ConfirmationViewController.swift */; };
		9DCAC4E72B4D79150040C327 /* ConfirmationViewModel.swift in Sources */ = {isa = PBXBuildFile; fileRef = 9DCAC4E62B4D79150040C327 /* ConfirmationViewModel.swift */; };
		9DCAC4EA2B4D82CC0040C327 /* UILabelExt.swift in Sources */ = {isa = PBXBuildFile; fileRef = 9DCAC4E92B4D82CC0040C327 /* UILabelExt.swift */; };
		9DCAC4ED2B4D96130040C327 /* HaveAccountViewController.swift in Sources */ = {isa = PBXBuildFile; fileRef = 9DCAC4EC2B4D96130040C327 /* HaveAccountViewController.swift */; };
		9DCAC4F12B4D96280040C327 /* HaveAccountViewModel.swift in Sources */ = {isa = PBXBuildFile; fileRef = 9DCAC4F02B4D96280040C327 /* HaveAccountViewModel.swift */; };
/* End PBXBuildFile section */

/* Begin PBXContainerItemProxy section */
		9D653A792B0F9D6F009B98A5 /* PBXContainerItemProxy */ = {
			isa = PBXContainerItemProxy;
			containerPortal = 9D653A572B0F9D6E009B98A5 /* Project object */;
			proxyType = 1;
			remoteGlobalIDString = 9D653A5E2B0F9D6E009B98A5;
			remoteInfo = SocialNetwork;
		};
		9D653A832B0F9D6F009B98A5 /* PBXContainerItemProxy */ = {
			isa = PBXContainerItemProxy;
			containerPortal = 9D653A572B0F9D6E009B98A5 /* Project object */;
			proxyType = 1;
			remoteGlobalIDString = 9D653A5E2B0F9D6E009B98A5;
			remoteInfo = SocialNetwork;
		};
/* End PBXContainerItemProxy section */

/* Begin PBXFileReference section */
		9D3994D82BA0752F009F894A /* AuthenticationCoordinator.swift */ = {isa = PBXFileReference; lastKnownFileType = sourcecode.swift; path = AuthenticationCoordinator.swift; sourceTree = "<group>"; };
		9D3994DA2BA097CF009F894A /* Coordinator.swift */ = {isa = PBXFileReference; lastKnownFileType = sourcecode.swift; path = Coordinator.swift; sourceTree = "<group>"; };
		9D3994DC2BA09A52009F894A /* Coordinatable.swift */ = {isa = PBXFileReference; lastKnownFileType = sourcecode.swift; path = Coordinatable.swift; sourceTree = "<group>"; };
		9D3994DE2BA0AB97009F894A /* AppFactory.swift */ = {isa = PBXFileReference; lastKnownFileType = sourcecode.swift; path = AppFactory.swift; sourceTree = "<group>"; };
		9D3994E22BA0ACB6009F894A /* NavigationFlowType.swift */ = {isa = PBXFileReference; lastKnownFileType = sourcecode.swift; path = NavigationFlowType.swift; sourceTree = "<group>"; };
		9D3994E42BA0B53D009F894A /* AuthenticationFactory.swift */ = {isa = PBXFileReference; lastKnownFileType = sourcecode.swift; path = AuthenticationFactory.swift; sourceTree = "<group>"; };
		9D609D542BA1CFAA001765C0 /* UserCoordinator.swift */ = {isa = PBXFileReference; lastKnownFileType = sourcecode.swift; path = UserCoordinator.swift; sourceTree = "<group>"; };
		9D609D562BA1CFC3001765C0 /* UserFactory.swift */ = {isa = PBXFileReference; lastKnownFileType = sourcecode.swift; path = UserFactory.swift; sourceTree = "<group>"; };
		9D609D5E2BA336BD001765C0 /* MainViewController.swift */ = {isa = PBXFileReference; lastKnownFileType = sourcecode.swift; path = MainViewController.swift; sourceTree = "<group>"; };
		9D609D602BA336F1001765C0 /* MainViewModel.swift */ = {isa = PBXFileReference; lastKnownFileType = sourcecode.swift; path = MainViewModel.swift; sourceTree = "<group>"; };
		9D609D622BA33700001765C0 /* MainCoordinator.swift */ = {isa = PBXFileReference; lastKnownFileType = sourcecode.swift; path = MainCoordinator.swift; sourceTree = "<group>"; };
		9D646A9F2B48582100C0B2D3 /* UIColor.swift */ = {isa = PBXFileReference; lastKnownFileType = sourcecode.swift; path = UIColor.swift; sourceTree = "<group>"; };
		9D646AA32B48594B00C0B2D3 /* UIImage.swift */ = {isa = PBXFileReference; lastKnownFileType = sourcecode.swift; path = UIImage.swift; sourceTree = "<group>"; };
		9D646AA52B48596E00C0B2D3 /* UIFont.swift */ = {isa = PBXFileReference; lastKnownFileType = sourcecode.swift; path = UIFont.swift; sourceTree = "<group>"; };
		9D646AAD2B4861C700C0B2D3 /* Colors.xcassets */ = {isa = PBXFileReference; lastKnownFileType = folder.assetcatalog; path = Colors.xcassets; sourceTree = "<group>"; };
		9D646AB92B493FD400C0B2D3 /* LogInViewController.swift */ = {isa = PBXFileReference; lastKnownFileType = sourcecode.swift; path = LogInViewController.swift; sourceTree = "<group>"; };
		9D646ABD2B493FF300C0B2D3 /* LogInViewModel.swift */ = {isa = PBXFileReference; lastKnownFileType = sourcecode.swift; path = LogInViewModel.swift; sourceTree = "<group>"; };
		9D653A5F2B0F9D6E009B98A5 /* SocialNetwork.app */ = {isa = PBXFileReference; explicitFileType = wrapper.application; includeInIndex = 0; path = SocialNetwork.app; sourceTree = BUILT_PRODUCTS_DIR; };
		9D653A622B0F9D6E009B98A5 /* AppDelegate.swift */ = {isa = PBXFileReference; lastKnownFileType = sourcecode.swift; path = AppDelegate.swift; sourceTree = "<group>"; };
		9D653A642B0F9D6E009B98A5 /* SceneDelegate.swift */ = {isa = PBXFileReference; lastKnownFileType = sourcecode.swift; path = SceneDelegate.swift; sourceTree = "<group>"; };
		9D653A6E2B0F9D6F009B98A5 /* Assets.xcassets */ = {isa = PBXFileReference; lastKnownFileType = folder.assetcatalog; path = Assets.xcassets; sourceTree = "<group>"; };
		9D653A712B0F9D6F009B98A5 /* Base */ = {isa = PBXFileReference; lastKnownFileType = file.storyboard; name = Base; path = Base.lproj/LaunchScreen.storyboard; sourceTree = "<group>"; };
		9D653A732B0F9D6F009B98A5 /* Info.plist */ = {isa = PBXFileReference; lastKnownFileType = text.plist.xml; path = Info.plist; sourceTree = "<group>"; };
		9D653A782B0F9D6F009B98A5 /* SocialNetworkTests.xctest */ = {isa = PBXFileReference; explicitFileType = wrapper.cfbundle; includeInIndex = 0; path = SocialNetworkTests.xctest; sourceTree = BUILT_PRODUCTS_DIR; };
		9D653A7C2B0F9D6F009B98A5 /* SocialNetworkTests.swift */ = {isa = PBXFileReference; lastKnownFileType = sourcecode.swift; path = SocialNetworkTests.swift; sourceTree = "<group>"; };
		9D653A822B0F9D6F009B98A5 /* SocialNetworkUITests.xctest */ = {isa = PBXFileReference; explicitFileType = wrapper.cfbundle; includeInIndex = 0; path = SocialNetworkUITests.xctest; sourceTree = BUILT_PRODUCTS_DIR; };
		9D653A862B0F9D6F009B98A5 /* SocialNetworkUITests.swift */ = {isa = PBXFileReference; lastKnownFileType = sourcecode.swift; path = SocialNetworkUITests.swift; sourceTree = "<group>"; };
		9D653A882B0F9D6F009B98A5 /* SocialNetworkUITestsLaunchTests.swift */ = {isa = PBXFileReference; lastKnownFileType = sourcecode.swift; path = SocialNetworkUITestsLaunchTests.swift; sourceTree = "<group>"; };
		9D6BE4342BA6BF1F00462B12 /* UserTabBar.swift */ = {isa = PBXFileReference; lastKnownFileType = sourcecode.swift; path = UserTabBar.swift; sourceTree = "<group>"; };
		9D6BE4362BA6C70500462B12 /* ProfileCoordinator.swift */ = {isa = PBXFileReference; lastKnownFileType = sourcecode.swift; path = ProfileCoordinator.swift; sourceTree = "<group>"; };
		9D6BE4382BA6C77A00462B12 /* ProfileViewController.swift */ = {isa = PBXFileReference; lastKnownFileType = sourcecode.swift; path = ProfileViewController.swift; sourceTree = "<group>"; };
		9D6BE43A2BA6C78800462B12 /* ProfileViewModel.swift */ = {isa = PBXFileReference; lastKnownFileType = sourcecode.swift; path = ProfileViewModel.swift; sourceTree = "<group>"; };
		9D6BE43E2BA6C89300462B12 /* SavedCoordinator.swift */ = {isa = PBXFileReference; lastKnownFileType = sourcecode.swift; path = SavedCoordinator.swift; sourceTree = "<group>"; };
		9D6BE4402BA6C8A700462B12 /* SavedViewController.swift */ = {isa = PBXFileReference; lastKnownFileType = sourcecode.swift; path = SavedViewController.swift; sourceTree = "<group>"; };
		9D6BE4422BA6C8B700462B12 /* SavedViewModel.swift */ = {isa = PBXFileReference; lastKnownFileType = sourcecode.swift; path = SavedViewModel.swift; sourceTree = "<group>"; };
		9D7FCBD32BB5D985001546FC /* StoriesView.swift */ = {isa = PBXFileReference; lastKnownFileType = sourcecode.swift; path = StoriesView.swift; sourceTree = "<group>"; };
		9D7FCBD52BB5DAF9001546FC /* StoriesViewModel.swift */ = {isa = PBXFileReference; lastKnownFileType = sourcecode.swift; path = StoriesViewModel.swift; sourceTree = "<group>"; };
		9D7FCBD72BB5DC0F001546FC /* StoriesAssembly.swift */ = {isa = PBXFileReference; lastKnownFileType = sourcecode.swift; path = StoriesAssembly.swift; sourceTree = "<group>"; };
		9D7FCBD92BB5F146001546FC /* StorieCell.swift */ = {isa = PBXFileReference; lastKnownFileType = sourcecode.swift; path = StorieCell.swift; sourceTree = "<group>"; };
		9D7FCBDE2BB601EF001546FC /* AvatarViewModel.swift */ = {isa = PBXFileReference; lastKnownFileType = sourcecode.swift; path = AvatarViewModel.swift; sourceTree = "<group>"; };
		9D7FCBE02BB60202001546FC /* AvatarView.swift */ = {isa = PBXFileReference; lastKnownFileType = sourcecode.swift; path = AvatarView.swift; sourceTree = "<group>"; };
		9D7FCBE22BB60229001546FC /* AvatarAssembly.swift */ = {isa = PBXFileReference; lastKnownFileType = sourcecode.swift; path = AvatarAssembly.swift; sourceTree = "<group>"; };
		9D7FCBE42BB60C4B001546FC /* UIActivityIndicatorViewExt.swift */ = {isa = PBXFileReference; lastKnownFileType = sourcecode.swift; path = UIActivityIndicatorViewExt.swift; sourceTree = "<group>"; };
		9D7FCBE62BB624AF001546FC /* DateHeader.swift */ = {isa = PBXFileReference; lastKnownFileType = sourcecode.swift; path = DateHeader.swift; sourceTree = "<group>"; };
		9D7FCBE92BB6CB55001546FC /* AppDIContainer.swift */ = {isa = PBXFileReference; lastKnownFileType = sourcecode.swift; path = AppDIContainer.swift; sourceTree = "<group>"; };
		9D7FCBEB2BB6CE96001546FC /* DependencyWrapper.swift */ = {isa = PBXFileReference; lastKnownFileType = sourcecode.swift; path = DependencyWrapper.swift; sourceTree = "<group>"; };
		9D7FCBF52BB6F9AC001546FC /* SubscriberAssembly.swift */ = {isa = PBXFileReference; lastKnownFileType = sourcecode.swift; path = SubscriberAssembly.swift; sourceTree = "<group>"; };
		9D7FCBF72BB6FA03001546FC /* SubscriberViewController.swift */ = {isa = PBXFileReference; lastKnownFileType = sourcecode.swift; path = SubscriberViewController.swift; sourceTree = "<group>"; };
		9D7FCBF92BB6FA10001546FC /* SubscriberViewModel.swift */ = {isa = PBXFileReference; lastKnownFileType = sourcecode.swift; path = SubscriberViewModel.swift; sourceTree = "<group>"; };
		9D7FCBFB2BB70159001546FC /* PostCell.swift */ = {isa = PBXFileReference; lastKnownFileType = sourcecode.swift; path = PostCell.swift; sourceTree = "<group>"; };
		9D7FCC052BB82420001546FC /* ProfileHeaderViewModel.swift */ = {isa = PBXFileReference; lastKnownFileType = sourcecode.swift; path = ProfileHeaderViewModel.swift; sourceTree = "<group>"; };
		9D7FCC072BB82439001546FC /* ProfileHeaderAssembly.swift */ = {isa = PBXFileReference; lastKnownFileType = sourcecode.swift; path = ProfileHeaderAssembly.swift; sourceTree = "<group>"; };
		9D7FCC092BB82448001546FC /* ProfileHeaderView.swift */ = {isa = PBXFileReference; lastKnownFileType = sourcecode.swift; path = ProfileHeaderView.swift; sourceTree = "<group>"; };
		9D7FCC0B2BB887BE001546FC /* ProfileHeaderCollectionCell.swift */ = {isa = PBXFileReference; lastKnownFileType = sourcecode.swift; path = ProfileHeaderCollectionCell.swift; sourceTree = "<group>"; };
		9D7FCC0E2BB9B2DB001546FC /* PhotoAssembly.swift */ = {isa = PBXFileReference; lastKnownFileType = sourcecode.swift; path = PhotoAssembly.swift; sourceTree = "<group>"; };
		9D7FCC102BB9B2EF001546FC /* PhotoView.swift */ = {isa = PBXFileReference; lastKnownFileType = sourcecode.swift; path = PhotoView.swift; sourceTree = "<group>"; };
		9D7FCC122BB9B301001546FC /* PhotoViewModel.swift */ = {isa = PBXFileReference; lastKnownFileType = sourcecode.swift; path = PhotoViewModel.swift; sourceTree = "<group>"; };
		9D831D5F2BBDB52C00E4E8A9 /* WholePostAssembly.swift */ = {isa = PBXFileReference; lastKnownFileType = sourcecode.swift; path = WholePostAssembly.swift; sourceTree = "<group>"; };
		9D831D612BBDB54000E4E8A9 /* WholePostViewController.swift */ = {isa = PBXFileReference; lastKnownFileType = sourcecode.swift; path = WholePostViewController.swift; sourceTree = "<group>"; };
		9D831D632BBDB55200E4E8A9 /* WholePostViewModel.swift */ = {isa = PBXFileReference; lastKnownFileType = sourcecode.swift; path = WholePostViewModel.swift; sourceTree = "<group>"; };
		9D831D652BBDF9E800E4E8A9 /* UIViewExt.swift */ = {isa = PBXFileReference; lastKnownFileType = sourcecode.swift; path = UIViewExt.swift; sourceTree = "<group>"; };
		9D9E9CAF2BBDFF7600593B73 /* LikeCommentBookmarkView.swift */ = {isa = PBXFileReference; lastKnownFileType = sourcecode.swift; path = LikeCommentBookmarkView.swift; sourceTree = "<group>"; };
		9D9E9CB12BBE940800593B73 /* CommentHeader.swift */ = {isa = PBXFileReference; lastKnownFileType = sourcecode.swift; path = CommentHeader.swift; sourceTree = "<group>"; };
		9D9E9CB32BBF2BC600593B73 /* CommentCell.swift */ = {isa = PBXFileReference; lastKnownFileType = sourcecode.swift; path = CommentCell.swift; sourceTree = "<group>"; };
		9D9E9CB62BC09A3700593B73 /* PhotoGalleryAssembly.swift */ = {isa = PBXFileReference; lastKnownFileType = sourcecode.swift; path = PhotoGalleryAssembly.swift; sourceTree = "<group>"; };
		9D9E9CB82BC09A5300593B73 /* PhotoGalleryViewController.swift */ = {isa = PBXFileReference; lastKnownFileType = sourcecode.swift; path = PhotoGalleryViewController.swift; sourceTree = "<group>"; };
		9D9E9CBA2BC09A6F00593B73 /* PhotoGalleryViewModel.swift */ = {isa = PBXFileReference; lastKnownFileType = sourcecode.swift; path = PhotoGalleryViewModel.swift; sourceTree = "<group>"; };
		9D9E9CBE2BC2B20D00593B73 /* GalleryHeaderView.swift */ = {isa = PBXFileReference; lastKnownFileType = sourcecode.swift; path = GalleryHeaderView.swift; sourceTree = "<group>"; };
		9D9E9CC12BC2B71800593B73 /* GalleryHeaderViewModel.swift */ = {isa = PBXFileReference; lastKnownFileType = sourcecode.swift; path = GalleryHeaderViewModel.swift; sourceTree = "<group>"; };
		9D9E9CC32BC2B72A00593B73 /* GalleryHeaderAssembly.swift */ = {isa = PBXFileReference; lastKnownFileType = sourcecode.swift; path = GalleryHeaderAssembly.swift; sourceTree = "<group>"; };
		9D9E9CC72BC2BC0000593B73 /* PhotoCollectionViewCell.swift */ = {isa = PBXFileReference; lastKnownFileType = sourcecode.swift; path = PhotoCollectionViewCell.swift; sourceTree = "<group>"; };
		9D9E9CC92BC2C54600593B73 /* StringConverter.swift */ = {isa = PBXFileReference; lastKnownFileType = sourcecode.swift; path = StringConverter.swift; sourceTree = "<group>"; };
		9DC279B22B49CB4B00FD401F /* ViewModelProtocol.swift */ = {isa = PBXFileReference; lastKnownFileType = sourcecode.swift; path = ViewModelProtocol.swift; sourceTree = "<group>"; };
		9DC279B52B49D04100FD401F /* CustomButton.swift */ = {isa = PBXFileReference; lastKnownFileType = sourcecode.swift; path = CustomButton.swift; sourceTree = "<group>"; };
		9DC279BB2B4A935500FD401F /* RootCoordinator.swift */ = {isa = PBXFileReference; lastKnownFileType = sourcecode.swift; path = RootCoordinator.swift; sourceTree = "<group>"; };
		9DC279C22B4BE71E00FD401F /* RegistrationViewController.swift */ = {isa = PBXFileReference; lastKnownFileType = sourcecode.swift; path = RegistrationViewController.swift; sourceTree = "<group>"; };
		9DC279C62B4BED7800FD401F /* CustomTextField.swift */ = {isa = PBXFileReference; lastKnownFileType = sourcecode.swift; path = CustomTextField.swift; sourceTree = "<group>"; };
		9DC279C92B4C64BC00FD401F /* Inter-Bold.ttf */ = {isa = PBXFileReference; lastKnownFileType = file; path = "Inter-Bold.ttf"; sourceTree = "<group>"; };
		9DC279CA2B4C64BC00FD401F /* Inter-Medium.ttf */ = {isa = PBXFileReference; lastKnownFileType = file; path = "Inter-Medium.ttf"; sourceTree = "<group>"; };
		9DC279CB2B4C64BC00FD401F /* Inter-Regular.ttf */ = {isa = PBXFileReference; lastKnownFileType = file; path = "Inter-Regular.ttf"; sourceTree = "<group>"; };
		9DC279CC2B4C64BC00FD401F /* Inter-SemiBold.ttf */ = {isa = PBXFileReference; lastKnownFileType = file; path = "Inter-SemiBold.ttf"; sourceTree = "<group>"; };
		9DCAC4DD2B4D72BF0040C327 /* RegistrationViewModel.swift */ = {isa = PBXFileReference; lastKnownFileType = sourcecode.swift; path = RegistrationViewModel.swift; sourceTree = "<group>"; };
		9DCAC4E22B4D78FE0040C327 /* ConfirmationViewController.swift */ = {isa = PBXFileReference; lastKnownFileType = sourcecode.swift; path = ConfirmationViewController.swift; sourceTree = "<group>"; };
		9DCAC4E62B4D79150040C327 /* ConfirmationViewModel.swift */ = {isa = PBXFileReference; lastKnownFileType = sourcecode.swift; path = ConfirmationViewModel.swift; sourceTree = "<group>"; };
		9DCAC4E92B4D82CC0040C327 /* UILabelExt.swift */ = {isa = PBXFileReference; lastKnownFileType = sourcecode.swift; path = UILabelExt.swift; sourceTree = "<group>"; };
		9DCAC4EC2B4D96130040C327 /* HaveAccountViewController.swift */ = {isa = PBXFileReference; lastKnownFileType = sourcecode.swift; path = HaveAccountViewController.swift; sourceTree = "<group>"; };
		9DCAC4F02B4D96280040C327 /* HaveAccountViewModel.swift */ = {isa = PBXFileReference; lastKnownFileType = sourcecode.swift; path = HaveAccountViewModel.swift; sourceTree = "<group>"; };
/* End PBXFileReference section */

/* Begin PBXFrameworksBuildPhase section */
		9D653A5C2B0F9D6E009B98A5 /* Frameworks */ = {
			isa = PBXFrameworksBuildPhase;
			buildActionMask = 2147483647;
			files = (
				9D646A982B483E8800C0B2D3 /* RxCocoa in Frameworks */,
				9D646A932B483E3D00C0B2D3 /* IQKeyboardManagerSwift in Frameworks */,
				9D646A9A2B483E8800C0B2D3 /* RxSwift in Frameworks */,
				9D646A962B483E8800C0B2D3 /* RxBlocking in Frameworks */,
			);
			runOnlyForDeploymentPostprocessing = 0;
		};
		9D653A752B0F9D6F009B98A5 /* Frameworks */ = {
			isa = PBXFrameworksBuildPhase;
			buildActionMask = 2147483647;
			files = (
			);
			runOnlyForDeploymentPostprocessing = 0;
		};
		9D653A7F2B0F9D6F009B98A5 /* Frameworks */ = {
			isa = PBXFrameworksBuildPhase;
			buildActionMask = 2147483647;
			files = (
			);
			runOnlyForDeploymentPostprocessing = 0;
		};
/* End PBXFrameworksBuildPhase section */

/* Begin PBXGroup section */
		9D609D522BA1CF47001765C0 /* UserFlow */ = {
			isa = PBXGroup;
			children = (
				9D609D542BA1CFAA001765C0 /* UserCoordinator.swift */,
				9D609D562BA1CFC3001765C0 /* UserFactory.swift */,
				9D6BE4342BA6BF1F00462B12 /* UserTabBar.swift */,
				9D646AA82B485B1600C0B2D3 /* Main */,
				9D646AA92B485B3000C0B2D3 /* Profile */,
				9D646AAA2B485B3600C0B2D3 /* Saved */,
				9D7FCBF42BB6F51C001546FC /* Subscriber */,
				9D831D5E2BBDB4EB00E4E8A9 /* WholePost */,
				9D9E9CB52BC099E900593B73 /* PhotoGallery */,
			);
			path = UserFlow;
			sourceTree = "<group>";
		};
		9D609D662BA34141001765C0 /* Interfaces */ = {
			isa = PBXGroup;
			children = (
				9DC279B22B49CB4B00FD401F /* ViewModelProtocol.swift */,
			);
			path = Interfaces;
			sourceTree = "<group>";
		};
		9D646A9B2B4856C000C0B2D3 /* Application */ = {
			isa = PBXGroup;
			children = (
				9D653A622B0F9D6E009B98A5 /* AppDelegate.swift */,
				9D653A642B0F9D6E009B98A5 /* SceneDelegate.swift */,
				9D3994DE2BA0AB97009F894A /* AppFactory.swift */,
				9DC279BB2B4A935500FD401F /* RootCoordinator.swift */,
				9D7FCBE82BB6CB07001546FC /* DependencyManagement */,
				9DC279BA2B4A92FE00FD401F /* Interfaces */,
			);
			path = Application;
			sourceTree = "<group>";
		};
		9D646A9C2B4856EA00C0B2D3 /* Resources */ = {
			isa = PBXGroup;
			children = (
				9DC279C82B4C648C00FD401F /* Fonts */,
				9D653A6E2B0F9D6F009B98A5 /* Assets.xcassets */,
				9D646AAD2B4861C700C0B2D3 /* Colors.xcassets */,
				9D653A702B0F9D6F009B98A5 /* LaunchScreen.storyboard */,
			);
			path = Resources;
			sourceTree = "<group>";
		};
		9D646A9D2B48576700C0B2D3 /* Utils */ = {
			isa = PBXGroup;
			children = (
				9D9E9CC92BC2C54600593B73 /* StringConverter.swift */,
				9D646A9F2B48582100C0B2D3 /* UIColor.swift */,
				9D646AA52B48596E00C0B2D3 /* UIFont.swift */,
				9D646AA32B48594B00C0B2D3 /* UIImage.swift */,
			);
			path = Utils;
			sourceTree = "<group>";
		};
		9D646A9E2B48577600C0B2D3 /* UIExtensions */ = {
			isa = PBXGroup;
			children = (
				9DCAC4E92B4D82CC0040C327 /* UILabelExt.swift */,
				9D7FCBE42BB60C4B001546FC /* UIActivityIndicatorViewExt.swift */,
				9D831D652BBDF9E800E4E8A9 /* UIViewExt.swift */,
			);
			path = UIExtensions;
			sourceTree = "<group>";
		};
		9D646AA72B485B0B00C0B2D3 /* AuthenticationFlow */ = {
			isa = PBXGroup;
			children = (
				9D3994D82BA0752F009F894A /* AuthenticationCoordinator.swift */,
				9D3994E42BA0B53D009F894A /* AuthenticationFactory.swift */,
				9D646AB52B493F1C00C0B2D3 /* Сonfirmation */,
				9D646AB22B49326000C0B2D3 /* HaveAccount */,
				9D646AB42B493EE000C0B2D3 /* LogIn */,
				9D646AB32B493B5400C0B2D3 /* Registration */,
			);
			path = AuthenticationFlow;
			sourceTree = "<group>";
		};
		9D646AA82B485B1600C0B2D3 /* Main */ = {
			isa = PBXGroup;
			children = (
				9D609D622BA33700001765C0 /* MainCoordinator.swift */,
				9D609D5E2BA336BD001765C0 /* MainViewController.swift */,
				9D609D602BA336F1001765C0 /* MainViewModel.swift */,
				9D7FCBD22BB5D941001546FC /* StoriesHeader */,
			);
			path = Main;
			sourceTree = "<group>";
		};
		9D646AA92B485B3000C0B2D3 /* Profile */ = {
			isa = PBXGroup;
			children = (
				9D6BE4362BA6C70500462B12 /* ProfileCoordinator.swift */,
				9D6BE4382BA6C77A00462B12 /* ProfileViewController.swift */,
				9D6BE43A2BA6C78800462B12 /* ProfileViewModel.swift */,
			);
			path = Profile;
			sourceTree = "<group>";
		};
		9D646AAA2B485B3600C0B2D3 /* Saved */ = {
			isa = PBXGroup;
			children = (
				9D6BE43E2BA6C89300462B12 /* SavedCoordinator.swift */,
				9D6BE4402BA6C8A700462B12 /* SavedViewController.swift */,
				9D6BE4422BA6C8B700462B12 /* SavedViewModel.swift */,
			);
			path = Saved;
			sourceTree = "<group>";
		};
		9D646AAB2B485D0E00C0B2D3 /* Presentation */ = {
			isa = PBXGroup;
			children = (
				9DCAC4EB2B4D85A80040C327 /* NavigationFlows */,
				9DC279B42B49CF8300FD401F /* CustomUIElements */,
				9D609D662BA34141001765C0 /* Interfaces */,
				9D646A9E2B48577600C0B2D3 /* UIExtensions */,
			);
			path = Presentation;
			sourceTree = "<group>";
		};
		9D646AB22B49326000C0B2D3 /* HaveAccount */ = {
			isa = PBXGroup;
			children = (
				9DCAC4EC2B4D96130040C327 /* HaveAccountViewController.swift */,
				9DCAC4F02B4D96280040C327 /* HaveAccountViewModel.swift */,
			);
			path = HaveAccount;
			sourceTree = "<group>";
		};
		9D646AB32B493B5400C0B2D3 /* Registration */ = {
			isa = PBXGroup;
			children = (
				9DC279C22B4BE71E00FD401F /* RegistrationViewController.swift */,
				9DCAC4DD2B4D72BF0040C327 /* RegistrationViewModel.swift */,
			);
			path = Registration;
			sourceTree = "<group>";
		};
		9D646AB42B493EE000C0B2D3 /* LogIn */ = {
			isa = PBXGroup;
			children = (
				9D646AB92B493FD400C0B2D3 /* LogInViewController.swift */,
				9D646ABD2B493FF300C0B2D3 /* LogInViewModel.swift */,
			);
			path = LogIn;
			sourceTree = "<group>";
		};
		9D646AB52B493F1C00C0B2D3 /* Сonfirmation */ = {
			isa = PBXGroup;
			children = (
				9DCAC4E22B4D78FE0040C327 /* ConfirmationViewController.swift */,
				9DCAC4E62B4D79150040C327 /* ConfirmationViewModel.swift */,
			);
			path = "Сonfirmation";
			sourceTree = "<group>";
		};
		9D653A562B0F9D6E009B98A5 = {
			isa = PBXGroup;
			children = (
				9D653A612B0F9D6E009B98A5 /* SocialNetwork */,
				9D653A7B2B0F9D6F009B98A5 /* SocialNetworkTests */,
				9D653A852B0F9D6F009B98A5 /* SocialNetworkUITests */,
				9D653A602B0F9D6E009B98A5 /* Products */,
			);
			sourceTree = "<group>";
		};
		9D653A602B0F9D6E009B98A5 /* Products */ = {
			isa = PBXGroup;
			children = (
				9D653A5F2B0F9D6E009B98A5 /* SocialNetwork.app */,
				9D653A782B0F9D6F009B98A5 /* SocialNetworkTests.xctest */,
				9D653A822B0F9D6F009B98A5 /* SocialNetworkUITests.xctest */,
			);
			name = Products;
			sourceTree = "<group>";
		};
		9D653A612B0F9D6E009B98A5 /* SocialNetwork */ = {
			isa = PBXGroup;
			children = (
				9D646A9B2B4856C000C0B2D3 /* Application */,
				9D646AAB2B485D0E00C0B2D3 /* Presentation */,
				9D7FCBF12BB6D86A001546FC /* Data */,
				9D646A9C2B4856EA00C0B2D3 /* Resources */,
				9D646A9D2B48576700C0B2D3 /* Utils */,
				9D653A732B0F9D6F009B98A5 /* Info.plist */,
			);
			path = SocialNetwork;
			sourceTree = "<group>";
		};
		9D653A7B2B0F9D6F009B98A5 /* SocialNetworkTests */ = {
			isa = PBXGroup;
			children = (
				9D653A7C2B0F9D6F009B98A5 /* SocialNetworkTests.swift */,
			);
			path = SocialNetworkTests;
			sourceTree = "<group>";
		};
		9D653A852B0F9D6F009B98A5 /* SocialNetworkUITests */ = {
			isa = PBXGroup;
			children = (
				9D653A862B0F9D6F009B98A5 /* SocialNetworkUITests.swift */,
				9D653A882B0F9D6F009B98A5 /* SocialNetworkUITestsLaunchTests.swift */,
			);
			path = SocialNetworkUITests;
			sourceTree = "<group>";
		};
		9D7FCBD22BB5D941001546FC /* StoriesHeader */ = {
			isa = PBXGroup;
			children = (
				9D7FCBD72BB5DC0F001546FC /* StoriesAssembly.swift */,
				9D7FCBD52BB5DAF9001546FC /* StoriesViewModel.swift */,
				9D7FCBD32BB5D985001546FC /* StoriesView.swift */,
				9D7FCBD92BB5F146001546FC /* StorieCell.swift */,
			);
			path = StoriesHeader;
			sourceTree = "<group>";
		};
		9D7FCBDB2BB5F218001546FC /* AvatarView */ = {
			isa = PBXGroup;
			children = (
				9D7FCBE22BB60229001546FC /* AvatarAssembly.swift */,
				9D7FCBE02BB60202001546FC /* AvatarView.swift */,
				9D7FCBDE2BB601EF001546FC /* AvatarViewModel.swift */,
			);
			path = AvatarView;
			sourceTree = "<group>";
		};
		9D7FCBE82BB6CB07001546FC /* DependencyManagement */ = {
			isa = PBXGroup;
			children = (
				9D7FCBE92BB6CB55001546FC /* AppDIContainer.swift */,
				9D7FCBEB2BB6CE96001546FC /* DependencyWrapper.swift */,
			);
			path = DependencyManagement;
			sourceTree = "<group>";
		};
		9D7FCBF12BB6D86A001546FC /* Data */ = {
			isa = PBXGroup;
			children = (
				9D7FCBF22BB6D871001546FC /* UseCase */,
				9D7FCBF32BB6D88B001546FC /* Services */,
			);
			path = Data;
			sourceTree = "<group>";
		};
		9D7FCBF22BB6D871001546FC /* UseCase */ = {
			isa = PBXGroup;
			children = (
			);
			path = UseCase;
			sourceTree = "<group>";
		};
		9D7FCBF32BB6D88B001546FC /* Services */ = {
			isa = PBXGroup;
			children = (
			);
			path = Services;
			sourceTree = "<group>";
		};
		9D7FCBF42BB6F51C001546FC /* Subscriber */ = {
			isa = PBXGroup;
			children = (
				9D7FCBF52BB6F9AC001546FC /* SubscriberAssembly.swift */,
				9D7FCBF72BB6FA03001546FC /* SubscriberViewController.swift */,
				9D7FCBF92BB6FA10001546FC /* SubscriberViewModel.swift */,
			);
			path = Subscriber;
			sourceTree = "<group>";
		};
		9D7FCC002BB82388001546FC /* ProfileHeader */ = {
			isa = PBXGroup;
			children = (
				9D7FCC072BB82439001546FC /* ProfileHeaderAssembly.swift */,
				9D7FCC092BB82448001546FC /* ProfileHeaderView.swift */,
				9D7FCC052BB82420001546FC /* ProfileHeaderViewModel.swift */,
				9D7FCC0B2BB887BE001546FC /* ProfileHeaderCollectionCell.swift */,
			);
			path = ProfileHeader;
			sourceTree = "<group>";
		};
		9D7FCC0D2BB9B254001546FC /* PhotoView */ = {
			isa = PBXGroup;
			children = (
				9D7FCC0E2BB9B2DB001546FC /* PhotoAssembly.swift */,
				9D7FCC102BB9B2EF001546FC /* PhotoView.swift */,
				9D7FCC122BB9B301001546FC /* PhotoViewModel.swift */,
			);
			path = PhotoView;
			sourceTree = "<group>";
		};
		9D831D5E2BBDB4EB00E4E8A9 /* WholePost */ = {
			isa = PBXGroup;
			children = (
				9D831D5F2BBDB52C00E4E8A9 /* WholePostAssembly.swift */,
				9D831D612BBDB54000E4E8A9 /* WholePostViewController.swift */,
				9D831D632BBDB55200E4E8A9 /* WholePostViewModel.swift */,
				9D9E9CB12BBE940800593B73 /* CommentHeader.swift */,
				9D9E9CB32BBF2BC600593B73 /* CommentCell.swift */,
			);
			path = WholePost;
			sourceTree = "<group>";
		};
		9D9E9CB52BC099E900593B73 /* PhotoGallery */ = {
			isa = PBXGroup;
			children = (
				9D9E9CC02BC2B6FA00593B73 /* GalleryHeader */,
				9D9E9CB62BC09A3700593B73 /* PhotoGalleryAssembly.swift */,
				9D9E9CB82BC09A5300593B73 /* PhotoGalleryViewController.swift */,
				9D9E9CBA2BC09A6F00593B73 /* PhotoGalleryViewModel.swift */,
				9D9E9CC72BC2BC0000593B73 /* PhotoCollectionViewCell.swift */,
			);
			path = PhotoGallery;
			sourceTree = "<group>";
		};
		9D9E9CC02BC2B6FA00593B73 /* GalleryHeader */ = {
			isa = PBXGroup;
			children = (
				9D9E9CC32BC2B72A00593B73 /* GalleryHeaderAssembly.swift */,
				9D9E9CBE2BC2B20D00593B73 /* GalleryHeaderView.swift */,
				9D9E9CC12BC2B71800593B73 /* GalleryHeaderViewModel.swift */,
			);
			path = GalleryHeader;
			sourceTree = "<group>";
		};
		9DC279B42B49CF8300FD401F /* CustomUIElements */ = {
			isa = PBXGroup;
			children = (
				9D7FCBDB2BB5F218001546FC /* AvatarView */,
				9D7FCC0D2BB9B254001546FC /* PhotoView */,
				9D7FCC002BB82388001546FC /* ProfileHeader */,
				9DC279C62B4BED7800FD401F /* CustomTextField.swift */,
				9DC279B52B49D04100FD401F /* CustomButton.swift */,
				9D7FCBE62BB624AF001546FC /* DateHeader.swift */,
				9D7FCBFB2BB70159001546FC /* PostCell.swift */,
				9D9E9CAF2BBDFF7600593B73 /* LikeCommentBookmarkView.swift */,
			);
			path = CustomUIElements;
			sourceTree = "<group>";
		};
		9DC279BA2B4A92FE00FD401F /* Interfaces */ = {
			isa = PBXGroup;
			children = (
				9D3994DA2BA097CF009F894A /* Coordinator.swift */,
				9D3994DC2BA09A52009F894A /* Coordinatable.swift */,
				9D3994E22BA0ACB6009F894A /* NavigationFlowType.swift */,
			);
			path = Interfaces;
			sourceTree = "<group>";
		};
		9DC279C82B4C648C00FD401F /* Fonts */ = {
			isa = PBXGroup;
			children = (
				9DC279C92B4C64BC00FD401F /* Inter-Bold.ttf */,
				9DC279CA2B4C64BC00FD401F /* Inter-Medium.ttf */,
				9DC279CB2B4C64BC00FD401F /* Inter-Regular.ttf */,
				9DC279CC2B4C64BC00FD401F /* Inter-SemiBold.ttf */,
			);
			path = Fonts;
			sourceTree = "<group>";
		};
		9DCAC4EB2B4D85A80040C327 /* NavigationFlows */ = {
			isa = PBXGroup;
			children = (
				9D646AA72B485B0B00C0B2D3 /* AuthenticationFlow */,
				9D609D522BA1CF47001765C0 /* UserFlow */,
			);
			path = NavigationFlows;
			sourceTree = "<group>";
		};
/* End PBXGroup section */

/* Begin PBXNativeTarget section */
		9D653A5E2B0F9D6E009B98A5 /* SocialNetwork */ = {
			isa = PBXNativeTarget;
			buildConfigurationList = 9D653A8C2B0F9D6F009B98A5 /* Build configuration list for PBXNativeTarget "SocialNetwork" */;
			buildPhases = (
				9D653A5B2B0F9D6E009B98A5 /* Sources */,
				9D653A5C2B0F9D6E009B98A5 /* Frameworks */,
				9D653A5D2B0F9D6E009B98A5 /* Resources */,
			);
			buildRules = (
			);
			dependencies = (
			);
			name = SocialNetwork;
			packageProductDependencies = (
				9D646A922B483E3D00C0B2D3 /* IQKeyboardManagerSwift */,
				9D646A952B483E8800C0B2D3 /* RxBlocking */,
				9D646A972B483E8800C0B2D3 /* RxCocoa */,
				9D646A992B483E8800C0B2D3 /* RxSwift */,
			);
			productName = SocialNetwork;
			productReference = 9D653A5F2B0F9D6E009B98A5 /* SocialNetwork.app */;
			productType = "com.apple.product-type.application";
		};
		9D653A772B0F9D6F009B98A5 /* SocialNetworkTests */ = {
			isa = PBXNativeTarget;
			buildConfigurationList = 9D653A8F2B0F9D6F009B98A5 /* Build configuration list for PBXNativeTarget "SocialNetworkTests" */;
			buildPhases = (
				9D653A742B0F9D6F009B98A5 /* Sources */,
				9D653A752B0F9D6F009B98A5 /* Frameworks */,
				9D653A762B0F9D6F009B98A5 /* Resources */,
			);
			buildRules = (
			);
			dependencies = (
				9D653A7A2B0F9D6F009B98A5 /* PBXTargetDependency */,
			);
			name = SocialNetworkTests;
			productName = SocialNetworkTests;
			productReference = 9D653A782B0F9D6F009B98A5 /* SocialNetworkTests.xctest */;
			productType = "com.apple.product-type.bundle.unit-test";
		};
		9D653A812B0F9D6F009B98A5 /* SocialNetworkUITests */ = {
			isa = PBXNativeTarget;
			buildConfigurationList = 9D653A922B0F9D6F009B98A5 /* Build configuration list for PBXNativeTarget "SocialNetworkUITests" */;
			buildPhases = (
				9D653A7E2B0F9D6F009B98A5 /* Sources */,
				9D653A7F2B0F9D6F009B98A5 /* Frameworks */,
				9D653A802B0F9D6F009B98A5 /* Resources */,
			);
			buildRules = (
			);
			dependencies = (
				9D653A842B0F9D6F009B98A5 /* PBXTargetDependency */,
			);
			name = SocialNetworkUITests;
			productName = SocialNetworkUITests;
			productReference = 9D653A822B0F9D6F009B98A5 /* SocialNetworkUITests.xctest */;
			productType = "com.apple.product-type.bundle.ui-testing";
		};
/* End PBXNativeTarget section */

/* Begin PBXProject section */
		9D653A572B0F9D6E009B98A5 /* Project object */ = {
			isa = PBXProject;
			attributes = {
				BuildIndependentTargetsInParallel = 1;
				LastSwiftUpdateCheck = 1500;
				LastUpgradeCheck = 1500;
				TargetAttributes = {
					9D653A5E2B0F9D6E009B98A5 = {
						CreatedOnToolsVersion = 15.0.1;
					};
					9D653A772B0F9D6F009B98A5 = {
						CreatedOnToolsVersion = 15.0.1;
						TestTargetID = 9D653A5E2B0F9D6E009B98A5;
					};
					9D653A812B0F9D6F009B98A5 = {
						CreatedOnToolsVersion = 15.0.1;
						TestTargetID = 9D653A5E2B0F9D6E009B98A5;
					};
				};
			};
			buildConfigurationList = 9D653A5A2B0F9D6E009B98A5 /* Build configuration list for PBXProject "SocialNetwork" */;
			compatibilityVersion = "Xcode 14.0";
			developmentRegion = en;
			hasScannedForEncodings = 0;
			knownRegions = (
				en,
				Base,
			);
			mainGroup = 9D653A562B0F9D6E009B98A5;
			packageReferences = (
				9D646A912B483E3D00C0B2D3 /* XCRemoteSwiftPackageReference "IQKeyboardManager" */,
				9D646A942B483E8800C0B2D3 /* XCRemoteSwiftPackageReference "RxSwift" */,
			);
			productRefGroup = 9D653A602B0F9D6E009B98A5 /* Products */;
			projectDirPath = "";
			projectRoot = "";
			targets = (
				9D653A5E2B0F9D6E009B98A5 /* SocialNetwork */,
				9D653A772B0F9D6F009B98A5 /* SocialNetworkTests */,
				9D653A812B0F9D6F009B98A5 /* SocialNetworkUITests */,
			);
		};
/* End PBXProject section */

/* Begin PBXResourcesBuildPhase section */
		9D653A5D2B0F9D6E009B98A5 /* Resources */ = {
			isa = PBXResourcesBuildPhase;
			buildActionMask = 2147483647;
			files = (
				9D646AAE2B4861C700C0B2D3 /* Colors.xcassets in Resources */,
				9D653A722B0F9D6F009B98A5 /* LaunchScreen.storyboard in Resources */,
				9DC279CD2B4C64BC00FD401F /* Inter-Bold.ttf in Resources */,
				9DC279CE2B4C64BC00FD401F /* Inter-Medium.ttf in Resources */,
				9DC279CF2B4C64BC00FD401F /* Inter-Regular.ttf in Resources */,
				9D653A6F2B0F9D6F009B98A5 /* Assets.xcassets in Resources */,
				9DC279D02B4C64BC00FD401F /* Inter-SemiBold.ttf in Resources */,
			);
			runOnlyForDeploymentPostprocessing = 0;
		};
		9D653A762B0F9D6F009B98A5 /* Resources */ = {
			isa = PBXResourcesBuildPhase;
			buildActionMask = 2147483647;
			files = (
			);
			runOnlyForDeploymentPostprocessing = 0;
		};
		9D653A802B0F9D6F009B98A5 /* Resources */ = {
			isa = PBXResourcesBuildPhase;
			buildActionMask = 2147483647;
			files = (
			);
			runOnlyForDeploymentPostprocessing = 0;
		};
/* End PBXResourcesBuildPhase section */

/* Begin PBXSourcesBuildPhase section */
		9D653A5B2B0F9D6E009B98A5 /* Sources */ = {
			isa = PBXSourcesBuildPhase;
			buildActionMask = 2147483647;
			files = (
				9D9E9CB42BBF2BC600593B73 /* CommentCell.swift in Sources */,
				9DCAC4DE2B4D72BF0040C327 /* RegistrationViewModel.swift in Sources */,
				9D3994DD2BA09A52009F894A /* Coordinatable.swift in Sources */,
				9D7FCBE32BB60229001546FC /* AvatarAssembly.swift in Sources */,
				9D6BE4432BA6C8B700462B12 /* SavedViewModel.swift in Sources */,
				9D9E9CB72BC09A3700593B73 /* PhotoGalleryAssembly.swift in Sources */,
				9DCAC4F12B4D96280040C327 /* HaveAccountViewModel.swift in Sources */,
				9D9E9CC82BC2BC0000593B73 /* PhotoCollectionViewCell.swift in Sources */,
				9D609D612BA336F1001765C0 /* MainViewModel.swift in Sources */,
				9D653A632B0F9D6E009B98A5 /* AppDelegate.swift in Sources */,
				9D6BE4392BA6C77A00462B12 /* ProfileViewController.swift in Sources */,
				9D7FCC0F2BB9B2DB001546FC /* PhotoAssembly.swift in Sources */,
				9D609D552BA1CFAA001765C0 /* UserCoordinator.swift in Sources */,
				9D9E9CB22BBE940800593B73 /* CommentHeader.swift in Sources */,
				9D653A652B0F9D6E009B98A5 /* SceneDelegate.swift in Sources */,
				9D7FCC062BB82420001546FC /* ProfileHeaderViewModel.swift in Sources */,
				9D6BE4372BA6C70500462B12 /* ProfileCoordinator.swift in Sources */,
				9D6BE4352BA6BF1F00462B12 /* UserTabBar.swift in Sources */,
				9D3994E32BA0ACB6009F894A /* NavigationFlowType.swift in Sources */,
				9D6BE43F2BA6C89300462B12 /* SavedCoordinator.swift in Sources */,
				9D609D5F2BA336BD001765C0 /* MainViewController.swift in Sources */,
				9D831D602BBDB52C00E4E8A9 /* WholePostAssembly.swift in Sources */,
				9D7FCBE12BB60202001546FC /* AvatarView.swift in Sources */,
				9D7FCBEA2BB6CB55001546FC /* AppDIContainer.swift in Sources */,
				9D7FCBFC2BB70159001546FC /* PostCell.swift in Sources */,
				9D7FCBF82BB6FA03001546FC /* SubscriberViewController.swift in Sources */,
				9D646AA62B48596E00C0B2D3 /* UIFont.swift in Sources */,
				9D3994DB2BA097CF009F894A /* Coordinator.swift in Sources */,
				9D7FCC082BB82439001546FC /* ProfileHeaderAssembly.swift in Sources */,
				9D9E9CBB2BC09A6F00593B73 /* PhotoGalleryViewModel.swift in Sources */,
				9D7FCBE52BB60C4B001546FC /* UIActivityIndicatorViewExt.swift in Sources */,
				9D7FCBD62BB5DAF9001546FC /* StoriesViewModel.swift in Sources */,
				9D7FCC0C2BB887BE001546FC /* ProfileHeaderCollectionCell.swift in Sources */,
				9D7FCBDA2BB5F146001546FC /* StorieCell.swift in Sources */,
				9DC279C72B4BED7800FD401F /* CustomTextField.swift in Sources */,
				9D831D662BBDF9E800E4E8A9 /* UIViewExt.swift in Sources */,
				9D9E9CB02BBDFF7600593B73 /* LikeCommentBookmarkView.swift in Sources */,
				9DC279C32B4BE71E00FD401F /* RegistrationViewController.swift in Sources */,
				9D7FCBD42BB5D985001546FC /* StoriesView.swift in Sources */,
				9D9E9CC22BC2B71800593B73 /* GalleryHeaderViewModel.swift in Sources */,
				9DCAC4E32B4D78FE0040C327 /* ConfirmationViewController.swift in Sources */,
				9D609D572BA1CFC3001765C0 /* UserFactory.swift in Sources */,
				9D646ABA2B493FD400C0B2D3 /* LogInViewController.swift in Sources */,
				9D3994DF2BA0AB97009F894A /* AppFactory.swift in Sources */,
				9D7FCBEC2BB6CE96001546FC /* DependencyWrapper.swift in Sources */,
				9DC279B62B49D04100FD401F /* CustomButton.swift in Sources */,
				9D609D632BA33700001765C0 /* MainCoordinator.swift in Sources */,
				9D7FCBE72BB624AF001546FC /* DateHeader.swift in Sources */,
				9D7FCC132BB9B301001546FC /* PhotoViewModel.swift in Sources */,
				9D7FCC0A2BB82448001546FC /* ProfileHeaderView.swift in Sources */,
				9D646ABE2B493FF300C0B2D3 /* LogInViewModel.swift in Sources */,
				9DC279B32B49CB4B00FD401F /* ViewModelProtocol.swift in Sources */,
				9D831D622BBDB54000E4E8A9 /* WholePostViewController.swift in Sources */,
				9DCAC4E72B4D79150040C327 /* ConfirmationViewModel.swift in Sources */,
				9D3994D92BA0752F009F894A /* AuthenticationCoordinator.swift in Sources */,
				9D7FCBD82BB5DC0F001546FC /* StoriesAssembly.swift in Sources */,
				9D7FCC112BB9B2EF001546FC /* PhotoView.swift in Sources */,
				9D9E9CBF2BC2B20D00593B73 /* GalleryHeaderView.swift in Sources */,
				9DCAC4EA2B4D82CC0040C327 /* UILabelExt.swift in Sources */,
				9D7FCBF62BB6F9AC001546FC /* SubscriberAssembly.swift in Sources */,
				9DC279BC2B4A935500FD401F /* RootCoordinator.swift in Sources */,
				9D9E9CC42BC2B72A00593B73 /* GalleryHeaderAssembly.swift in Sources */,
				9D7FCBDF2BB601EF001546FC /* AvatarViewModel.swift in Sources */,
				9D6BE4412BA6C8A700462B12 /* SavedViewController.swift in Sources */,
				9D646AA02B48582100C0B2D3 /* UIColor.swift in Sources */,
				9D831D642BBDB55200E4E8A9 /* WholePostViewModel.swift in Sources */,
				9D6BE43B2BA6C78800462B12 /* ProfileViewModel.swift in Sources */,
				9D9E9CCA2BC2C54600593B73 /* StringConverter.swift in Sources */,
				9DCAC4ED2B4D96130040C327 /* HaveAccountViewController.swift in Sources */,
				9D646AA42B48594B00C0B2D3 /* UIImage.swift in Sources */,
				9D7FCBFA2BB6FA10001546FC /* SubscriberViewModel.swift in Sources */,
				9D9E9CB92BC09A5300593B73 /* PhotoGalleryViewController.swift in Sources */,
				9D3994E52BA0B53D009F894A /* AuthenticationFactory.swift in Sources */,
			);
			runOnlyForDeploymentPostprocessing = 0;
		};
		9D653A742B0F9D6F009B98A5 /* Sources */ = {
			isa = PBXSourcesBuildPhase;
			buildActionMask = 2147483647;
			files = (
				9D653A7D2B0F9D6F009B98A5 /* SocialNetworkTests.swift in Sources */,
			);
			runOnlyForDeploymentPostprocessing = 0;
		};
		9D653A7E2B0F9D6F009B98A5 /* Sources */ = {
			isa = PBXSourcesBuildPhase;
			buildActionMask = 2147483647;
			files = (
				9D653A892B0F9D6F009B98A5 /* SocialNetworkUITestsLaunchTests.swift in Sources */,
				9D653A872B0F9D6F009B98A5 /* SocialNetworkUITests.swift in Sources */,
			);
			runOnlyForDeploymentPostprocessing = 0;
		};
/* End PBXSourcesBuildPhase section */

/* Begin PBXTargetDependency section */
		9D653A7A2B0F9D6F009B98A5 /* PBXTargetDependency */ = {
			isa = PBXTargetDependency;
			target = 9D653A5E2B0F9D6E009B98A5 /* SocialNetwork */;
			targetProxy = 9D653A792B0F9D6F009B98A5 /* PBXContainerItemProxy */;
		};
		9D653A842B0F9D6F009B98A5 /* PBXTargetDependency */ = {
			isa = PBXTargetDependency;
			target = 9D653A5E2B0F9D6E009B98A5 /* SocialNetwork */;
			targetProxy = 9D653A832B0F9D6F009B98A5 /* PBXContainerItemProxy */;
		};
/* End PBXTargetDependency section */

/* Begin PBXVariantGroup section */
		9D653A702B0F9D6F009B98A5 /* LaunchScreen.storyboard */ = {
			isa = PBXVariantGroup;
			children = (
				9D653A712B0F9D6F009B98A5 /* Base */,
			);
			name = LaunchScreen.storyboard;
			sourceTree = "<group>";
		};
/* End PBXVariantGroup section */

/* Begin XCBuildConfiguration section */
		9D653A8A2B0F9D6F009B98A5 /* Debug */ = {
			isa = XCBuildConfiguration;
			buildSettings = {
				ALWAYS_SEARCH_USER_PATHS = NO;
				ASSETCATALOG_COMPILER_GENERATE_SWIFT_ASSET_SYMBOL_EXTENSIONS = YES;
				CLANG_ANALYZER_NONNULL = YES;
				CLANG_ANALYZER_NUMBER_OBJECT_CONVERSION = YES_AGGRESSIVE;
				CLANG_CXX_LANGUAGE_STANDARD = "gnu++20";
				CLANG_ENABLE_MODULES = YES;
				CLANG_ENABLE_OBJC_ARC = YES;
				CLANG_ENABLE_OBJC_WEAK = YES;
				CLANG_WARN_BLOCK_CAPTURE_AUTORELEASING = YES;
				CLANG_WARN_BOOL_CONVERSION = YES;
				CLANG_WARN_COMMA = YES;
				CLANG_WARN_CONSTANT_CONVERSION = YES;
				CLANG_WARN_DEPRECATED_OBJC_IMPLEMENTATIONS = YES;
				CLANG_WARN_DIRECT_OBJC_ISA_USAGE = YES_ERROR;
				CLANG_WARN_DOCUMENTATION_COMMENTS = YES;
				CLANG_WARN_EMPTY_BODY = YES;
				CLANG_WARN_ENUM_CONVERSION = YES;
				CLANG_WARN_INFINITE_RECURSION = YES;
				CLANG_WARN_INT_CONVERSION = YES;
				CLANG_WARN_NON_LITERAL_NULL_CONVERSION = YES;
				CLANG_WARN_OBJC_IMPLICIT_RETAIN_SELF = YES;
				CLANG_WARN_OBJC_LITERAL_CONVERSION = YES;
				CLANG_WARN_OBJC_ROOT_CLASS = YES_ERROR;
				CLANG_WARN_QUOTED_INCLUDE_IN_FRAMEWORK_HEADER = YES;
				CLANG_WARN_RANGE_LOOP_ANALYSIS = YES;
				CLANG_WARN_STRICT_PROTOTYPES = YES;
				CLANG_WARN_SUSPICIOUS_MOVE = YES;
				CLANG_WARN_UNGUARDED_AVAILABILITY = YES_AGGRESSIVE;
				CLANG_WARN_UNREACHABLE_CODE = YES;
				CLANG_WARN__DUPLICATE_METHOD_MATCH = YES;
				COPY_PHASE_STRIP = NO;
				DEBUG_INFORMATION_FORMAT = dwarf;
				ENABLE_STRICT_OBJC_MSGSEND = YES;
				ENABLE_TESTABILITY = YES;
				ENABLE_USER_SCRIPT_SANDBOXING = YES;
				GCC_C_LANGUAGE_STANDARD = gnu17;
				GCC_DYNAMIC_NO_PIC = NO;
				GCC_NO_COMMON_BLOCKS = YES;
				GCC_OPTIMIZATION_LEVEL = 0;
				GCC_PREPROCESSOR_DEFINITIONS = (
					"DEBUG=1",
					"$(inherited)",
				);
				GCC_WARN_64_TO_32_BIT_CONVERSION = YES;
				GCC_WARN_ABOUT_RETURN_TYPE = YES_ERROR;
				GCC_WARN_UNDECLARED_SELECTOR = YES;
				GCC_WARN_UNINITIALIZED_AUTOS = YES_AGGRESSIVE;
				GCC_WARN_UNUSED_FUNCTION = YES;
				GCC_WARN_UNUSED_VARIABLE = YES;
				IPHONEOS_DEPLOYMENT_TARGET = 17.0;
				LOCALIZATION_PREFERS_STRING_CATALOGS = YES;
				MTL_ENABLE_DEBUG_INFO = INCLUDE_SOURCE;
				MTL_FAST_MATH = YES;
				ONLY_ACTIVE_ARCH = YES;
				SDKROOT = iphoneos;
				SWIFT_ACTIVE_COMPILATION_CONDITIONS = "DEBUG $(inherited)";
				SWIFT_OPTIMIZATION_LEVEL = "-Onone";
			};
			name = Debug;
		};
		9D653A8B2B0F9D6F009B98A5 /* Release */ = {
			isa = XCBuildConfiguration;
			buildSettings = {
				ALWAYS_SEARCH_USER_PATHS = NO;
				ASSETCATALOG_COMPILER_GENERATE_SWIFT_ASSET_SYMBOL_EXTENSIONS = YES;
				CLANG_ANALYZER_NONNULL = YES;
				CLANG_ANALYZER_NUMBER_OBJECT_CONVERSION = YES_AGGRESSIVE;
				CLANG_CXX_LANGUAGE_STANDARD = "gnu++20";
				CLANG_ENABLE_MODULES = YES;
				CLANG_ENABLE_OBJC_ARC = YES;
				CLANG_ENABLE_OBJC_WEAK = YES;
				CLANG_WARN_BLOCK_CAPTURE_AUTORELEASING = YES;
				CLANG_WARN_BOOL_CONVERSION = YES;
				CLANG_WARN_COMMA = YES;
				CLANG_WARN_CONSTANT_CONVERSION = YES;
				CLANG_WARN_DEPRECATED_OBJC_IMPLEMENTATIONS = YES;
				CLANG_WARN_DIRECT_OBJC_ISA_USAGE = YES_ERROR;
				CLANG_WARN_DOCUMENTATION_COMMENTS = YES;
				CLANG_WARN_EMPTY_BODY = YES;
				CLANG_WARN_ENUM_CONVERSION = YES;
				CLANG_WARN_INFINITE_RECURSION = YES;
				CLANG_WARN_INT_CONVERSION = YES;
				CLANG_WARN_NON_LITERAL_NULL_CONVERSION = YES;
				CLANG_WARN_OBJC_IMPLICIT_RETAIN_SELF = YES;
				CLANG_WARN_OBJC_LITERAL_CONVERSION = YES;
				CLANG_WARN_OBJC_ROOT_CLASS = YES_ERROR;
				CLANG_WARN_QUOTED_INCLUDE_IN_FRAMEWORK_HEADER = YES;
				CLANG_WARN_RANGE_LOOP_ANALYSIS = YES;
				CLANG_WARN_STRICT_PROTOTYPES = YES;
				CLANG_WARN_SUSPICIOUS_MOVE = YES;
				CLANG_WARN_UNGUARDED_AVAILABILITY = YES_AGGRESSIVE;
				CLANG_WARN_UNREACHABLE_CODE = YES;
				CLANG_WARN__DUPLICATE_METHOD_MATCH = YES;
				COPY_PHASE_STRIP = NO;
				DEBUG_INFORMATION_FORMAT = "dwarf-with-dsym";
				ENABLE_NS_ASSERTIONS = NO;
				ENABLE_STRICT_OBJC_MSGSEND = YES;
				ENABLE_USER_SCRIPT_SANDBOXING = YES;
				GCC_C_LANGUAGE_STANDARD = gnu17;
				GCC_NO_COMMON_BLOCKS = YES;
				GCC_WARN_64_TO_32_BIT_CONVERSION = YES;
				GCC_WARN_ABOUT_RETURN_TYPE = YES_ERROR;
				GCC_WARN_UNDECLARED_SELECTOR = YES;
				GCC_WARN_UNINITIALIZED_AUTOS = YES_AGGRESSIVE;
				GCC_WARN_UNUSED_FUNCTION = YES;
				GCC_WARN_UNUSED_VARIABLE = YES;
				IPHONEOS_DEPLOYMENT_TARGET = 17.0;
				LOCALIZATION_PREFERS_STRING_CATALOGS = YES;
				MTL_ENABLE_DEBUG_INFO = NO;
				MTL_FAST_MATH = YES;
				SDKROOT = iphoneos;
				SWIFT_COMPILATION_MODE = wholemodule;
				VALIDATE_PRODUCT = YES;
			};
			name = Release;
		};
		9D653A8D2B0F9D6F009B98A5 /* Debug */ = {
			isa = XCBuildConfiguration;
			buildSettings = {
				ASSETCATALOG_COMPILER_APPICON_NAME = AppIcon;
				ASSETCATALOG_COMPILER_GLOBAL_ACCENT_COLOR_NAME = AccentColor;
				CODE_SIGN_STYLE = Automatic;
				CURRENT_PROJECT_VERSION = 1;
				DEVELOPMENT_TEAM = P2LBNZ3DVN;
				GENERATE_INFOPLIST_FILE = YES;
				INFOPLIST_FILE = SocialNetwork/Info.plist;
				INFOPLIST_KEY_LSApplicationCategoryType = "public.app-category.social-networking";
				INFOPLIST_KEY_UIApplicationSupportsIndirectInputEvents = YES;
				INFOPLIST_KEY_UILaunchStoryboardName = LaunchScreen;
				INFOPLIST_KEY_UIMainStoryboardFile = "";
				INFOPLIST_KEY_UISupportedInterfaceOrientations_iPad = "UIInterfaceOrientationPortrait UIInterfaceOrientationPortraitUpsideDown UIInterfaceOrientationLandscapeLeft UIInterfaceOrientationLandscapeRight";
				INFOPLIST_KEY_UISupportedInterfaceOrientations_iPhone = "UIInterfaceOrientationPortrait UIInterfaceOrientationLandscapeLeft UIInterfaceOrientationLandscapeRight";
				IPHONEOS_DEPLOYMENT_TARGET = 15.0;
				LD_RUNPATH_SEARCH_PATHS = (
					"$(inherited)",
					"@executable_path/Frameworks",
				);
				MARKETING_VERSION = 0.5;
				PRODUCT_BUNDLE_IDENTIFIER = "Banin-Andrey.SocialNetwork";
				PRODUCT_NAME = "$(TARGET_NAME)";
				SUPPORTED_PLATFORMS = "iphoneos iphonesimulator";
				SUPPORTS_MACCATALYST = NO;
				SUPPORTS_XR_DESIGNED_FOR_IPHONE_IPAD = NO;
				SWIFT_EMIT_LOC_STRINGS = YES;
				SWIFT_VERSION = 5.0;
				TARGETED_DEVICE_FAMILY = "1,2";
			};
			name = Debug;
		};
		9D653A8E2B0F9D6F009B98A5 /* Release */ = {
			isa = XCBuildConfiguration;
			buildSettings = {
				ASSETCATALOG_COMPILER_APPICON_NAME = AppIcon;
				ASSETCATALOG_COMPILER_GLOBAL_ACCENT_COLOR_NAME = AccentColor;
				CODE_SIGN_STYLE = Automatic;
				CURRENT_PROJECT_VERSION = 1;
				DEVELOPMENT_TEAM = P2LBNZ3DVN;
				GENERATE_INFOPLIST_FILE = YES;
				INFOPLIST_FILE = SocialNetwork/Info.plist;
				INFOPLIST_KEY_LSApplicationCategoryType = "public.app-category.social-networking";
				INFOPLIST_KEY_UIApplicationSupportsIndirectInputEvents = YES;
				INFOPLIST_KEY_UILaunchStoryboardName = LaunchScreen;
				INFOPLIST_KEY_UIMainStoryboardFile = "";
				INFOPLIST_KEY_UISupportedInterfaceOrientations_iPad = "UIInterfaceOrientationPortrait UIInterfaceOrientationPortraitUpsideDown UIInterfaceOrientationLandscapeLeft UIInterfaceOrientationLandscapeRight";
				INFOPLIST_KEY_UISupportedInterfaceOrientations_iPhone = "UIInterfaceOrientationPortrait UIInterfaceOrientationLandscapeLeft UIInterfaceOrientationLandscapeRight";
				IPHONEOS_DEPLOYMENT_TARGET = 15.0;
				LD_RUNPATH_SEARCH_PATHS = (
					"$(inherited)",
					"@executable_path/Frameworks",
				);
				MARKETING_VERSION = 0.5;
				PRODUCT_BUNDLE_IDENTIFIER = "Banin-Andrey.SocialNetwork";
				PRODUCT_NAME = "$(TARGET_NAME)";
				SUPPORTED_PLATFORMS = "iphoneos iphonesimulator";
				SUPPORTS_MACCATALYST = NO;
				SUPPORTS_XR_DESIGNED_FOR_IPHONE_IPAD = NO;
				SWIFT_EMIT_LOC_STRINGS = YES;
				SWIFT_VERSION = 5.0;
				TARGETED_DEVICE_FAMILY = "1,2";
			};
			name = Release;
		};
		9D653A902B0F9D6F009B98A5 /* Debug */ = {
			isa = XCBuildConfiguration;
			buildSettings = {
				ALWAYS_EMBED_SWIFT_STANDARD_LIBRARIES = YES;
				BUNDLE_LOADER = "$(TEST_HOST)";
				CODE_SIGN_STYLE = Automatic;
				CURRENT_PROJECT_VERSION = 1;
				DEVELOPMENT_TEAM = P2LBNZ3DVN;
				GENERATE_INFOPLIST_FILE = YES;
				IPHONEOS_DEPLOYMENT_TARGET = 17.0;
				MARKETING_VERSION = 1.0;
				PRODUCT_BUNDLE_IDENTIFIER = "Banin-Andrey.SocialNetworkTests";
				PRODUCT_NAME = "$(TARGET_NAME)";
				SWIFT_EMIT_LOC_STRINGS = NO;
				SWIFT_VERSION = 5.0;
				TARGETED_DEVICE_FAMILY = "1,2";
				TEST_HOST = "$(BUILT_PRODUCTS_DIR)/SocialNetwork.app/$(BUNDLE_EXECUTABLE_FOLDER_PATH)/SocialNetwork";
			};
			name = Debug;
		};
		9D653A912B0F9D6F009B98A5 /* Release */ = {
			isa = XCBuildConfiguration;
			buildSettings = {
				ALWAYS_EMBED_SWIFT_STANDARD_LIBRARIES = YES;
				BUNDLE_LOADER = "$(TEST_HOST)";
				CODE_SIGN_STYLE = Automatic;
				CURRENT_PROJECT_VERSION = 1;
				DEVELOPMENT_TEAM = P2LBNZ3DVN;
				GENERATE_INFOPLIST_FILE = YES;
				IPHONEOS_DEPLOYMENT_TARGET = 17.0;
				MARKETING_VERSION = 1.0;
				PRODUCT_BUNDLE_IDENTIFIER = "Banin-Andrey.SocialNetworkTests";
				PRODUCT_NAME = "$(TARGET_NAME)";
				SWIFT_EMIT_LOC_STRINGS = NO;
				SWIFT_VERSION = 5.0;
				TARGETED_DEVICE_FAMILY = "1,2";
				TEST_HOST = "$(BUILT_PRODUCTS_DIR)/SocialNetwork.app/$(BUNDLE_EXECUTABLE_FOLDER_PATH)/SocialNetwork";
			};
			name = Release;
		};
		9D653A932B0F9D6F009B98A5 /* Debug */ = {
			isa = XCBuildConfiguration;
			buildSettings = {
				ALWAYS_EMBED_SWIFT_STANDARD_LIBRARIES = YES;
				CODE_SIGN_STYLE = Automatic;
				CURRENT_PROJECT_VERSION = 1;
				DEVELOPMENT_TEAM = P2LBNZ3DVN;
				GENERATE_INFOPLIST_FILE = YES;
				MARKETING_VERSION = 1.0;
				PRODUCT_BUNDLE_IDENTIFIER = "Banin-Andrey.SocialNetworkUITests";
				PRODUCT_NAME = "$(TARGET_NAME)";
				SWIFT_EMIT_LOC_STRINGS = NO;
				SWIFT_VERSION = 5.0;
				TARGETED_DEVICE_FAMILY = "1,2";
				TEST_TARGET_NAME = SocialNetwork;
			};
			name = Debug;
		};
		9D653A942B0F9D6F009B98A5 /* Release */ = {
			isa = XCBuildConfiguration;
			buildSettings = {
				ALWAYS_EMBED_SWIFT_STANDARD_LIBRARIES = YES;
				CODE_SIGN_STYLE = Automatic;
				CURRENT_PROJECT_VERSION = 1;
				DEVELOPMENT_TEAM = P2LBNZ3DVN;
				GENERATE_INFOPLIST_FILE = YES;
				MARKETING_VERSION = 1.0;
				PRODUCT_BUNDLE_IDENTIFIER = "Banin-Andrey.SocialNetworkUITests";
				PRODUCT_NAME = "$(TARGET_NAME)";
				SWIFT_EMIT_LOC_STRINGS = NO;
				SWIFT_VERSION = 5.0;
				TARGETED_DEVICE_FAMILY = "1,2";
				TEST_TARGET_NAME = SocialNetwork;
			};
			name = Release;
		};
/* End XCBuildConfiguration section */

/* Begin XCConfigurationList section */
		9D653A5A2B0F9D6E009B98A5 /* Build configuration list for PBXProject "SocialNetwork" */ = {
			isa = XCConfigurationList;
			buildConfigurations = (
				9D653A8A2B0F9D6F009B98A5 /* Debug */,
				9D653A8B2B0F9D6F009B98A5 /* Release */,
			);
			defaultConfigurationIsVisible = 0;
			defaultConfigurationName = Release;
		};
		9D653A8C2B0F9D6F009B98A5 /* Build configuration list for PBXNativeTarget "SocialNetwork" */ = {
			isa = XCConfigurationList;
			buildConfigurations = (
				9D653A8D2B0F9D6F009B98A5 /* Debug */,
				9D653A8E2B0F9D6F009B98A5 /* Release */,
			);
			defaultConfigurationIsVisible = 0;
			defaultConfigurationName = Release;
		};
		9D653A8F2B0F9D6F009B98A5 /* Build configuration list for PBXNativeTarget "SocialNetworkTests" */ = {
			isa = XCConfigurationList;
			buildConfigurations = (
				9D653A902B0F9D6F009B98A5 /* Debug */,
				9D653A912B0F9D6F009B98A5 /* Release */,
			);
			defaultConfigurationIsVisible = 0;
			defaultConfigurationName = Release;
		};
		9D653A922B0F9D6F009B98A5 /* Build configuration list for PBXNativeTarget "SocialNetworkUITests" */ = {
			isa = XCConfigurationList;
			buildConfigurations = (
				9D653A932B0F9D6F009B98A5 /* Debug */,
				9D653A942B0F9D6F009B98A5 /* Release */,
			);
			defaultConfigurationIsVisible = 0;
			defaultConfigurationName = Release;
		};
/* End XCConfigurationList section */

/* Begin XCRemoteSwiftPackageReference section */
		9D646A912B483E3D00C0B2D3 /* XCRemoteSwiftPackageReference "IQKeyboardManager" */ = {
			isa = XCRemoteSwiftPackageReference;
			repositoryURL = "https://github.com/hackiftekhar/IQKeyboardManager";
			requirement = {
				kind = upToNextMajorVersion;
				minimumVersion = 6.5.16;
			};
		};
		9D646A942B483E8800C0B2D3 /* XCRemoteSwiftPackageReference "RxSwift" */ = {
			isa = XCRemoteSwiftPackageReference;
			repositoryURL = "https://github.com/ReactiveX/RxSwift";
			requirement = {
				kind = upToNextMajorVersion;
				minimumVersion = 6.6.0;
			};
		};
/* End XCRemoteSwiftPackageReference section */

/* Begin XCSwiftPackageProductDependency section */
		9D646A922B483E3D00C0B2D3 /* IQKeyboardManagerSwift */ = {
			isa = XCSwiftPackageProductDependency;
			package = 9D646A912B483E3D00C0B2D3 /* XCRemoteSwiftPackageReference "IQKeyboardManager" */;
			productName = IQKeyboardManagerSwift;
		};
		9D646A952B483E8800C0B2D3 /* RxBlocking */ = {
			isa = XCSwiftPackageProductDependency;
			package = 9D646A942B483E8800C0B2D3 /* XCRemoteSwiftPackageReference "RxSwift" */;
			productName = RxBlocking;
		};
		9D646A972B483E8800C0B2D3 /* RxCocoa */ = {
			isa = XCSwiftPackageProductDependency;
			package = 9D646A942B483E8800C0B2D3 /* XCRemoteSwiftPackageReference "RxSwift" */;
			productName = RxCocoa;
		};
		9D646A992B483E8800C0B2D3 /* RxSwift */ = {
			isa = XCSwiftPackageProductDependency;
			package = 9D646A942B483E8800C0B2D3 /* XCRemoteSwiftPackageReference "RxSwift" */;
			productName = RxSwift;
		};
/* End XCSwiftPackageProductDependency section */
	};
	rootObject = 9D653A572B0F9D6E009B98A5 /* Project object */;
}
